// !$*UTF8*$!
{
	archiveVersion = 1;
	classes = {
	};
	objectVersion = 51;
	objects = {

/* Begin PBXBuildFile section */
		303C0A6632D50D2C9556CA47 /* Pods_Todo_S.framework in Frameworks */ = {isa = PBXBuildFile; fileRef = 19B50BC507FB7ADB1E6B3C39 /* Pods_Todo_S.framework */; };
		7D13D191235DE23800A07725 /* ToDoStorageType.swift in Sources */ = {isa = PBXBuildFile; fileRef = 7D13D190235DE23800A07725 /* ToDoStorageType.swift */; };
		7D13D193235DE6E400A07725 /* ToDo.swift in Sources */ = {isa = PBXBuildFile; fileRef = 7D13D192235DE6E400A07725 /* ToDo.swift */; };
		7D13D195235DE9C100A07725 /* RealmStorage.swift in Sources */ = {isa = PBXBuildFile; fileRef = 7D13D194235DE9C100A07725 /* RealmStorage.swift */; };
		7D1824EF235EE7E0009EB7BB /* ToDoList.swift in Sources */ = {isa = PBXBuildFile; fileRef = 7D1824EE235EE7E0009EB7BB /* ToDoList.swift */; };
		7D1824F2235F1014009EB7BB /* ToDoListViewModel.swift in Sources */ = {isa = PBXBuildFile; fileRef = 7D1824F1235F1014009EB7BB /* ToDoListViewModel.swift */; };
		7D1824FE23604F28009EB7BB /* UIView+Ex.swift in Sources */ = {isa = PBXBuildFile; fileRef = 7D1824FD23604F28009EB7BB /* UIView+Ex.swift */; };
		7D1825022361A3AC009EB7BB /* ToDoTableViewCell.swift in Sources */ = {isa = PBXBuildFile; fileRef = 7D1825002361A3AC009EB7BB /* ToDoTableViewCell.swift */; };
		7D1825032361A3AC009EB7BB /* ToDoTableViewCell.xib in Resources */ = {isa = PBXBuildFile; fileRef = 7D1825012361A3AC009EB7BB /* ToDoTableViewCell.xib */; };
		7D1825062366C5AA009EB7BB /* CoordinatorType.swift in Sources */ = {isa = PBXBuildFile; fileRef = 7D1825052366C5AA009EB7BB /* CoordinatorType.swift */; };
		7D1825082366C622009EB7BB /* TransitionStyle.swift in Sources */ = {isa = PBXBuildFile; fileRef = 7D1825072366C622009EB7BB /* TransitionStyle.swift */; };
		7D18250A2366C67B009EB7BB /* Scene.swift in Sources */ = {isa = PBXBuildFile; fileRef = 7D1825092366C67B009EB7BB /* Scene.swift */; };
		7D18250C2366C6C0009EB7BB /* SceneCoordinator.swift in Sources */ = {isa = PBXBuildFile; fileRef = 7D18250B2366C6C0009EB7BB /* SceneCoordinator.swift */; };
		7D1825102366C76B009EB7BB /* CompletedToDoListViewModel.swift in Sources */ = {isa = PBXBuildFile; fileRef = 7D18250F2366C76B009EB7BB /* CompletedToDoListViewModel.swift */; };
		7D1825122366CA93009EB7BB /* ViewModelBindableType.swift in Sources */ = {isa = PBXBuildFile; fileRef = 7D1825112366CA93009EB7BB /* ViewModelBindableType.swift */; };
		7D1825142366CBEA009EB7BB /* ToDoViewModel.swift in Sources */ = {isa = PBXBuildFile; fileRef = 7D1825132366CBEA009EB7BB /* ToDoViewModel.swift */; };
		7D1825162366D0EB009EB7BB /* CompletedToDoViewController.swift in Sources */ = {isa = PBXBuildFile; fileRef = 7D1825152366D0EB009EB7BB /* CompletedToDoViewController.swift */; };
		7D1825182366D3B8009EB7BB /* UIViewController+Ex.swift in Sources */ = {isa = PBXBuildFile; fileRef = 7D1825172366D3B8009EB7BB /* UIViewController+Ex.swift */; };
		7D18251A2366D4EA009EB7BB /* SceneError.swift in Sources */ = {isa = PBXBuildFile; fileRef = 7D1825192366D4EA009EB7BB /* SceneError.swift */; };
		7D18251D2366D534009EB7BB /* TransitionError.swift in Sources */ = {isa = PBXBuildFile; fileRef = 7D18251C2366D534009EB7BB /* TransitionError.swift */; };
		7D20CFF9235D92820028AD51 /* ToDoListViewController.swift in Sources */ = {isa = PBXBuildFile; fileRef = 7D20CFF8235D92820028AD51 /* ToDoListViewController.swift */; };
		7D228AEC237A895500DA4C3E /* RoundCornerView.swift in Sources */ = {isa = PBXBuildFile; fileRef = 7D228AEB237A895500DA4C3E /* RoundCornerView.swift */; };
		7D54B6532376AE9A00298539 /* Assets.xcassets in Resources */ = {isa = PBXBuildFile; fileRef = 7D54B6522376AE9A00298539 /* Assets.xcassets */; };
		7DD3E8DF237C06F200E11DD1 /* InfoPlist.strings in Resources */ = {isa = PBXBuildFile; fileRef = 7DD3E8E1237C06F200E11DD1 /* InfoPlist.strings */; };
		7DD3E8E5237C0B9400E11DD1 /* String+Ex.swift in Sources */ = {isa = PBXBuildFile; fileRef = 7DD3E8E4237C0B9400E11DD1 /* String+Ex.swift */; };
		7DD3E8E8237C0C2000E11DD1 /* Localizable.strings in Resources */ = {isa = PBXBuildFile; fileRef = 7DD3E8EA237C0C2000E11DD1 /* Localizable.strings */; };
		7DF3F9A3235D6D3A00E37989 /* AppDelegate.swift in Sources */ = {isa = PBXBuildFile; fileRef = 7DF3F9A2235D6D3A00E37989 /* AppDelegate.swift */; };
		7DF3F9AA235D6D3A00E37989 /* Main.storyboard in Resources */ = {isa = PBXBuildFile; fileRef = 7DF3F9A8235D6D3A00E37989 /* Main.storyboard */; };
		7DF3F9AF235D6D3B00E37989 /* LaunchScreen.storyboard in Resources */ = {isa = PBXBuildFile; fileRef = 7DF3F9AD235D6D3B00E37989 /* LaunchScreen.storyboard */; };
		7DFD20AF2377E9FE00CDD6D1 /* CompletedToDoTableViewCell.swift in Sources */ = {isa = PBXBuildFile; fileRef = 7DFD20AD2377E9FE00CDD6D1 /* CompletedToDoTableViewCell.swift */; };
		7DFD20B02377E9FE00CDD6D1 /* CompletedToDoTableViewCell.xib in Resources */ = {isa = PBXBuildFile; fileRef = 7DFD20AE2377E9FE00CDD6D1 /* CompletedToDoTableViewCell.xib */; };
		7DFD20B22377EFC300CDD6D1 /* DashedLineView.swift in Sources */ = {isa = PBXBuildFile; fileRef = 7DFD20B12377EFC300CDD6D1 /* DashedLineView.swift */; };
		7DFF944D237BCFEB005670F6 /* OpenSourceTableViewController.swift in Sources */ = {isa = PBXBuildFile; fileRef = 7DFF944C237BCFEB005670F6 /* OpenSourceTableViewController.swift */; };
		7DFF944F237BD06A005670F6 /* License.swift in Sources */ = {isa = PBXBuildFile; fileRef = 7DFF944E237BD069005670F6 /* License.swift */; };
		7DFF9451237BD076005670F6 /* Library.swift in Sources */ = {isa = PBXBuildFile; fileRef = 7DFF9450237BD076005670F6 /* Library.swift */; };
		7DFF9453237BD1DB005670F6 /* LibraryTableViewCell.swift in Sources */ = {isa = PBXBuildFile; fileRef = 7DFF9452237BD1DB005670F6 /* LibraryTableViewCell.swift */; };
		7DFF9455237BD1E3005670F6 /* LicenseTableViewCell.swift in Sources */ = {isa = PBXBuildFile; fileRef = 7DFF9454237BD1E3005670F6 /* LicenseTableViewCell.swift */; };
/* End PBXBuildFile section */

/* Begin PBXFileReference section */
		19B50BC507FB7ADB1E6B3C39 /* Pods_Todo_S.framework */ = {isa = PBXFileReference; explicitFileType = wrapper.framework; includeInIndex = 0; path = Pods_Todo_S.framework; sourceTree = BUILT_PRODUCTS_DIR; };
		35EE38CC6086454FE2BFCFF3 /* Pods-Todo-S.debug.xcconfig */ = {isa = PBXFileReference; includeInIndex = 1; lastKnownFileType = text.xcconfig; name = "Pods-Todo-S.debug.xcconfig"; path = "Target Support Files/Pods-Todo-S/Pods-Todo-S.debug.xcconfig"; sourceTree = "<group>"; };
		7D13D190235DE23800A07725 /* ToDoStorageType.swift */ = {isa = PBXFileReference; lastKnownFileType = sourcecode.swift; path = ToDoStorageType.swift; sourceTree = "<group>"; };
		7D13D192235DE6E400A07725 /* ToDo.swift */ = {isa = PBXFileReference; lastKnownFileType = sourcecode.swift; path = ToDo.swift; sourceTree = "<group>"; };
		7D13D194235DE9C100A07725 /* RealmStorage.swift */ = {isa = PBXFileReference; lastKnownFileType = sourcecode.swift; path = RealmStorage.swift; sourceTree = "<group>"; };
		7D1824EE235EE7E0009EB7BB /* ToDoList.swift */ = {isa = PBXFileReference; lastKnownFileType = sourcecode.swift; path = ToDoList.swift; sourceTree = "<group>"; };
		7D1824F1235F1014009EB7BB /* ToDoListViewModel.swift */ = {isa = PBXFileReference; lastKnownFileType = sourcecode.swift; path = ToDoListViewModel.swift; sourceTree = "<group>"; };
		7D1824FD23604F28009EB7BB /* UIView+Ex.swift */ = {isa = PBXFileReference; lastKnownFileType = sourcecode.swift; path = "UIView+Ex.swift"; sourceTree = "<group>"; };
		7D1825002361A3AC009EB7BB /* ToDoTableViewCell.swift */ = {isa = PBXFileReference; lastKnownFileType = sourcecode.swift; path = ToDoTableViewCell.swift; sourceTree = "<group>"; };
		7D1825012361A3AC009EB7BB /* ToDoTableViewCell.xib */ = {isa = PBXFileReference; lastKnownFileType = file.xib; path = ToDoTableViewCell.xib; sourceTree = "<group>"; };
		7D1825052366C5AA009EB7BB /* CoordinatorType.swift */ = {isa = PBXFileReference; lastKnownFileType = sourcecode.swift; path = CoordinatorType.swift; sourceTree = "<group>"; };
		7D1825072366C622009EB7BB /* TransitionStyle.swift */ = {isa = PBXFileReference; lastKnownFileType = sourcecode.swift; path = TransitionStyle.swift; sourceTree = "<group>"; };
		7D1825092366C67B009EB7BB /* Scene.swift */ = {isa = PBXFileReference; lastKnownFileType = sourcecode.swift; path = Scene.swift; sourceTree = "<group>"; };
		7D18250B2366C6C0009EB7BB /* SceneCoordinator.swift */ = {isa = PBXFileReference; lastKnownFileType = sourcecode.swift; path = SceneCoordinator.swift; sourceTree = "<group>"; };
		7D18250F2366C76B009EB7BB /* CompletedToDoListViewModel.swift */ = {isa = PBXFileReference; lastKnownFileType = sourcecode.swift; path = CompletedToDoListViewModel.swift; sourceTree = "<group>"; };
		7D1825112366CA93009EB7BB /* ViewModelBindableType.swift */ = {isa = PBXFileReference; lastKnownFileType = sourcecode.swift; path = ViewModelBindableType.swift; sourceTree = "<group>"; };
		7D1825132366CBEA009EB7BB /* ToDoViewModel.swift */ = {isa = PBXFileReference; lastKnownFileType = sourcecode.swift; path = ToDoViewModel.swift; sourceTree = "<group>"; };
		7D1825152366D0EB009EB7BB /* CompletedToDoViewController.swift */ = {isa = PBXFileReference; lastKnownFileType = sourcecode.swift; path = CompletedToDoViewController.swift; sourceTree = "<group>"; };
		7D1825172366D3B8009EB7BB /* UIViewController+Ex.swift */ = {isa = PBXFileReference; lastKnownFileType = sourcecode.swift; path = "UIViewController+Ex.swift"; sourceTree = "<group>"; };
		7D1825192366D4EA009EB7BB /* SceneError.swift */ = {isa = PBXFileReference; lastKnownFileType = sourcecode.swift; path = SceneError.swift; sourceTree = "<group>"; };
		7D18251C2366D534009EB7BB /* TransitionError.swift */ = {isa = PBXFileReference; lastKnownFileType = sourcecode.swift; path = TransitionError.swift; sourceTree = "<group>"; };
		7D20CFF8235D92820028AD51 /* ToDoListViewController.swift */ = {isa = PBXFileReference; lastKnownFileType = sourcecode.swift; path = ToDoListViewController.swift; sourceTree = "<group>"; };
		7D228AEB237A895500DA4C3E /* RoundCornerView.swift */ = {isa = PBXFileReference; lastKnownFileType = sourcecode.swift; path = RoundCornerView.swift; sourceTree = "<group>"; };
		7D54B6522376AE9A00298539 /* Assets.xcassets */ = {isa = PBXFileReference; lastKnownFileType = folder.assetcatalog; path = Assets.xcassets; sourceTree = "<group>"; };
		7DD3E8DA237C04CA00E11DD1 /* en */ = {isa = PBXFileReference; lastKnownFileType = text.plist.strings; name = en; path = en.lproj/Main.strings; sourceTree = "<group>"; };
		7DD3E8DB237C04D100E11DD1 /* ja */ = {isa = PBXFileReference; lastKnownFileType = text.plist.strings; name = ja; path = ja.lproj/Main.strings; sourceTree = "<group>"; };
		7DD3E8E2237C06F400E11DD1 /* en */ = {isa = PBXFileReference; lastKnownFileType = text.plist.strings; name = en; path = en.lproj/InfoPlist.strings; sourceTree = "<group>"; };
		7DD3E8E3237C06F600E11DD1 /* ja */ = {isa = PBXFileReference; lastKnownFileType = text.plist.strings; name = ja; path = ja.lproj/InfoPlist.strings; sourceTree = "<group>"; };
		7DD3E8E4237C0B9400E11DD1 /* String+Ex.swift */ = {isa = PBXFileReference; lastKnownFileType = sourcecode.swift; path = "String+Ex.swift"; sourceTree = "<group>"; };
		7DD3E8E9237C0C2000E11DD1 /* en */ = {isa = PBXFileReference; lastKnownFileType = text.plist.strings; name = en; path = en.lproj/Localizable.strings; sourceTree = "<group>"; };
		7DD3E8EB237C0C2200E11DD1 /* ja */ = {isa = PBXFileReference; lastKnownFileType = text.plist.strings; name = ja; path = ja.lproj/Localizable.strings; sourceTree = "<group>"; };
		7DF3F99F235D6D3A00E37989 /* 할일체크.app */ = {isa = PBXFileReference; explicitFileType = wrapper.application; includeInIndex = 0; path = "할일체크.app"; sourceTree = BUILT_PRODUCTS_DIR; };
		7DF3F9A2235D6D3A00E37989 /* AppDelegate.swift */ = {isa = PBXFileReference; lastKnownFileType = sourcecode.swift; path = AppDelegate.swift; sourceTree = "<group>"; };
		7DF3F9A9235D6D3A00E37989 /* Base */ = {isa = PBXFileReference; lastKnownFileType = file.storyboard; name = Base; path = Base.lproj/Main.storyboard; sourceTree = "<group>"; };
		7DF3F9AE235D6D3B00E37989 /* Base */ = {isa = PBXFileReference; lastKnownFileType = file.storyboard; name = Base; path = Base.lproj/LaunchScreen.storyboard; sourceTree = "<group>"; };
		7DF3F9B0235D6D3B00E37989 /* Info.plist */ = {isa = PBXFileReference; lastKnownFileType = text.plist.xml; path = Info.plist; sourceTree = "<group>"; };
		7DFD20AD2377E9FE00CDD6D1 /* CompletedToDoTableViewCell.swift */ = {isa = PBXFileReference; lastKnownFileType = sourcecode.swift; path = CompletedToDoTableViewCell.swift; sourceTree = "<group>"; };
		7DFD20AE2377E9FE00CDD6D1 /* CompletedToDoTableViewCell.xib */ = {isa = PBXFileReference; lastKnownFileType = file.xib; path = CompletedToDoTableViewCell.xib; sourceTree = "<group>"; };
		7DFD20B12377EFC300CDD6D1 /* DashedLineView.swift */ = {isa = PBXFileReference; lastKnownFileType = sourcecode.swift; path = DashedLineView.swift; sourceTree = "<group>"; };
		7DFF944C237BCFEB005670F6 /* OpenSourceTableViewController.swift */ = {isa = PBXFileReference; lastKnownFileType = sourcecode.swift; path = OpenSourceTableViewController.swift; sourceTree = "<group>"; };
		7DFF944E237BD069005670F6 /* License.swift */ = {isa = PBXFileReference; lastKnownFileType = sourcecode.swift; path = License.swift; sourceTree = "<group>"; };
		7DFF9450237BD076005670F6 /* Library.swift */ = {isa = PBXFileReference; lastKnownFileType = sourcecode.swift; path = Library.swift; sourceTree = "<group>"; };
		7DFF9452237BD1DB005670F6 /* LibraryTableViewCell.swift */ = {isa = PBXFileReference; lastKnownFileType = sourcecode.swift; path = LibraryTableViewCell.swift; sourceTree = "<group>"; };
		7DFF9454237BD1E3005670F6 /* LicenseTableViewCell.swift */ = {isa = PBXFileReference; lastKnownFileType = sourcecode.swift; path = LicenseTableViewCell.swift; sourceTree = "<group>"; };
		869EFC94B34FD304C52CDF27 /* Pods-Todo-S.release.xcconfig */ = {isa = PBXFileReference; includeInIndex = 1; lastKnownFileType = text.xcconfig; name = "Pods-Todo-S.release.xcconfig"; path = "Target Support Files/Pods-Todo-S/Pods-Todo-S.release.xcconfig"; sourceTree = "<group>"; };
/* End PBXFileReference section */

/* Begin PBXFrameworksBuildPhase section */
		7DF3F99C235D6D3A00E37989 /* Frameworks */ = {
			isa = PBXFrameworksBuildPhase;
			buildActionMask = 2147483647;
			files = (
				303C0A6632D50D2C9556CA47 /* Pods_Todo_S.framework in Frameworks */,
			);
			runOnlyForDeploymentPostprocessing = 0;
		};
/* End PBXFrameworksBuildPhase section */

/* Begin PBXGroup section */
		7D06E0AA235D79EA00190766 /* View */ = {
			isa = PBXGroup;
			children = (
				7D20CFFA235DAC8D0028AD51 /* CustomView */,
				7DF3F9A8235D6D3A00E37989 /* Main.storyboard */,
				7DF3F9AD235D6D3B00E37989 /* LaunchScreen.storyboard */,
				7D20CFF8235D92820028AD51 /* ToDoListViewController.swift */,
				7D1825152366D0EB009EB7BB /* CompletedToDoViewController.swift */,
				7DFF944C237BCFEB005670F6 /* OpenSourceTableViewController.swift */,
				7D1825112366CA93009EB7BB /* ViewModelBindableType.swift */,
			);
			path = View;
			sourceTree = "<group>";
		};
		7D06E0AB235D79F500190766 /* ViewModel */ = {
			isa = PBXGroup;
			children = (
				7D1824F1235F1014009EB7BB /* ToDoListViewModel.swift */,
				7D18250F2366C76B009EB7BB /* CompletedToDoListViewModel.swift */,
				7D1825132366CBEA009EB7BB /* ToDoViewModel.swift */,
			);
			path = ViewModel;
			sourceTree = "<group>";
		};
		7D06E0AC235D79FB00190766 /* Model */ = {
			isa = PBXGroup;
			children = (
				7D13D192235DE6E400A07725 /* ToDo.swift */,
				7D1824EE235EE7E0009EB7BB /* ToDoList.swift */,
				7DFF944E237BD069005670F6 /* License.swift */,
				7DFF9450237BD076005670F6 /* Library.swift */,
			);
			path = Model;
			sourceTree = "<group>";
		};
		7D06E0AD235D7A1F00190766 /* Service */ = {
			isa = PBXGroup;
			children = (
				7D13D190235DE23800A07725 /* ToDoStorageType.swift */,
				7D13D194235DE9C100A07725 /* RealmStorage.swift */,
			);
			path = Service;
			sourceTree = "<group>";
		};
		7D1824F623602575009EB7BB /* Extension */ = {
			isa = PBXGroup;
			children = (
				7D1825172366D3B8009EB7BB /* UIViewController+Ex.swift */,
				7D1824FD23604F28009EB7BB /* UIView+Ex.swift */,
				7DD3E8E4237C0B9400E11DD1 /* String+Ex.swift */,
			);
			path = Extension;
			sourceTree = "<group>";
		};
		7D1825042366C56C009EB7BB /* Coordinator */ = {
			isa = PBXGroup;
			children = (
				7D1825072366C622009EB7BB /* TransitionStyle.swift */,
				7D1825092366C67B009EB7BB /* Scene.swift */,
				7D1825052366C5AA009EB7BB /* CoordinatorType.swift */,
				7D18250B2366C6C0009EB7BB /* SceneCoordinator.swift */,
			);
			path = Coordinator;
			sourceTree = "<group>";
		};
		7D18251B2366D524009EB7BB /* Error */ = {
			isa = PBXGroup;
			children = (
				7D1825192366D4EA009EB7BB /* SceneError.swift */,
				7D18251C2366D534009EB7BB /* TransitionError.swift */,
			);
			path = Error;
			sourceTree = "<group>";
		};
		7D20CFFA235DAC8D0028AD51 /* CustomView */ = {
			isa = PBXGroup;
			children = (
				7DFD20B12377EFC300CDD6D1 /* DashedLineView.swift */,
				7D228AEB237A895500DA4C3E /* RoundCornerView.swift */,
				7D1825002361A3AC009EB7BB /* ToDoTableViewCell.swift */,
				7D1825012361A3AC009EB7BB /* ToDoTableViewCell.xib */,
				7DFD20AD2377E9FE00CDD6D1 /* CompletedToDoTableViewCell.swift */,
				7DFD20AE2377E9FE00CDD6D1 /* CompletedToDoTableViewCell.xib */,
				7DFF9452237BD1DB005670F6 /* LibraryTableViewCell.swift */,
				7DFF9454237BD1E3005670F6 /* LicenseTableViewCell.swift */,
			);
			path = CustomView;
			sourceTree = "<group>";
		};
		7DD3E8DC237C06AD00E11DD1 /* Strings */ = {
			isa = PBXGroup;
			children = (
				7DD3E8E1237C06F200E11DD1 /* InfoPlist.strings */,
				7DD3E8EA237C0C2000E11DD1 /* Localizable.strings */,
			);
			path = Strings;
			sourceTree = "<group>";
		};
		7DF3F996235D6D3A00E37989 = {
			isa = PBXGroup;
			children = (
				7DF3F9A1235D6D3A00E37989 /* Todo-S */,
				7DF3F9A0235D6D3A00E37989 /* Products */,
				8C8DAF8789B47C6B2195E775 /* Pods */,
				9CA70EB2BDD56ADC5D33857B /* Frameworks */,
			);
			sourceTree = "<group>";
		};
		7DF3F9A0235D6D3A00E37989 /* Products */ = {
			isa = PBXGroup;
			children = (
				7DF3F99F235D6D3A00E37989 /* 할일체크.app */,
			);
			name = Products;
			sourceTree = "<group>";
		};
		7DF3F9A1235D6D3A00E37989 /* Todo-S */ = {
			isa = PBXGroup;
			children = (
				7DF3F9A2235D6D3A00E37989 /* AppDelegate.swift */,
				7D18251B2366D524009EB7BB /* Error */,
				7D1824F623602575009EB7BB /* Extension */,
				7D1825042366C56C009EB7BB /* Coordinator */,
				7D06E0AD235D7A1F00190766 /* Service */,
				7D06E0AA235D79EA00190766 /* View */,
				7D06E0AC235D79FB00190766 /* Model */,
				7D06E0AB235D79F500190766 /* ViewModel */,
				7D54B6522376AE9A00298539 /* Assets.xcassets */,
				7DF3F9B0235D6D3B00E37989 /* Info.plist */,
				7DD3E8DC237C06AD00E11DD1 /* Strings */,
			);
			path = "Todo-S";
			sourceTree = "<group>";
		};
		8C8DAF8789B47C6B2195E775 /* Pods */ = {
			isa = PBXGroup;
			children = (
				35EE38CC6086454FE2BFCFF3 /* Pods-Todo-S.debug.xcconfig */,
				869EFC94B34FD304C52CDF27 /* Pods-Todo-S.release.xcconfig */,
			);
			path = Pods;
			sourceTree = "<group>";
		};
		9CA70EB2BDD56ADC5D33857B /* Frameworks */ = {
			isa = PBXGroup;
			children = (
				19B50BC507FB7ADB1E6B3C39 /* Pods_Todo_S.framework */,
			);
			name = Frameworks;
			sourceTree = "<group>";
		};
/* End PBXGroup section */

/* Begin PBXNativeTarget section */
		7DF3F99E235D6D3A00E37989 /* ToDo S */ = {
			isa = PBXNativeTarget;
			buildConfigurationList = 7DF3F9B3235D6D3B00E37989 /* Build configuration list for PBXNativeTarget "ToDo S" */;
			buildPhases = (
				9E7D5F643815E4E4C10EF81C /* [CP] Check Pods Manifest.lock */,
				7DF3F99B235D6D3A00E37989 /* Sources */,
				7DF3F99C235D6D3A00E37989 /* Frameworks */,
				7DF3F99D235D6D3A00E37989 /* Resources */,
				19670AE887D9F89FE4D5CA01 /* [CP] Embed Pods Frameworks */,
			);
			buildRules = (
			);
			dependencies = (
			);
			name = "ToDo S";
			productName = "Todo-S";
			productReference = 7DF3F99F235D6D3A00E37989 /* 할일체크.app */;
			productType = "com.apple.product-type.application";
		};
/* End PBXNativeTarget section */

/* Begin PBXProject section */
		7DF3F997235D6D3A00E37989 /* Project object */ = {
			isa = PBXProject;
			attributes = {
				LastSwiftUpdateCheck = 1110;
				LastUpgradeCheck = 1110;
				ORGANIZATIONNAME = Hngfu;
				TargetAttributes = {
					7DF3F99E235D6D3A00E37989 = {
						CreatedOnToolsVersion = 11.1;
					};
				};
			};
			buildConfigurationList = 7DF3F99A235D6D3A00E37989 /* Build configuration list for PBXProject "ToDo S" */;
			compatibilityVersion = "Xcode 9.3";
			developmentRegion = ko;
			hasScannedForEncodings = 0;
			knownRegions = (
				ko,
				Base,
				en,
				ja,
			);
			mainGroup = 7DF3F996235D6D3A00E37989;
			productRefGroup = 7DF3F9A0235D6D3A00E37989 /* Products */;
			projectDirPath = "";
			projectRoot = "";
			targets = (
				7DF3F99E235D6D3A00E37989 /* ToDo S */,
			);
		};
/* End PBXProject section */

/* Begin PBXResourcesBuildPhase section */
		7DF3F99D235D6D3A00E37989 /* Resources */ = {
			isa = PBXResourcesBuildPhase;
			buildActionMask = 2147483647;
			files = (
				7DF3F9AF235D6D3B00E37989 /* LaunchScreen.storyboard in Resources */,
				7DD3E8DF237C06F200E11DD1 /* InfoPlist.strings in Resources */,
				7DF3F9AA235D6D3A00E37989 /* Main.storyboard in Resources */,
				7DD3E8E8237C0C2000E11DD1 /* Localizable.strings in Resources */,
				7DFD20B02377E9FE00CDD6D1 /* CompletedToDoTableViewCell.xib in Resources */,
				7D54B6532376AE9A00298539 /* Assets.xcassets in Resources */,
				7D1825032361A3AC009EB7BB /* ToDoTableViewCell.xib in Resources */,
			);
			runOnlyForDeploymentPostprocessing = 0;
		};
/* End PBXResourcesBuildPhase section */

/* Begin PBXShellScriptBuildPhase section */
		19670AE887D9F89FE4D5CA01 /* [CP] Embed Pods Frameworks */ = {
			isa = PBXShellScriptBuildPhase;
			buildActionMask = 2147483647;
			files = (
			);
			inputFileListPaths = (
				"${PODS_ROOT}/Target Support Files/Pods-Todo-S/Pods-Todo-S-frameworks-${CONFIGURATION}-input-files.xcfilelist",
			);
			name = "[CP] Embed Pods Frameworks";
			outputFileListPaths = (
				"${PODS_ROOT}/Target Support Files/Pods-Todo-S/Pods-Todo-S-frameworks-${CONFIGURATION}-output-files.xcfilelist",
			);
			runOnlyForDeploymentPostprocessing = 0;
			shellPath = /bin/sh;
			shellScript = "\"${PODS_ROOT}/Target Support Files/Pods-Todo-S/Pods-Todo-S-frameworks.sh\"\n";
			showEnvVarsInLog = 0;
		};
		9E7D5F643815E4E4C10EF81C /* [CP] Check Pods Manifest.lock */ = {
			isa = PBXShellScriptBuildPhase;
			buildActionMask = 2147483647;
			files = (
			);
			inputFileListPaths = (
			);
			inputPaths = (
				"${PODS_PODFILE_DIR_PATH}/Podfile.lock",
				"${PODS_ROOT}/Manifest.lock",
			);
			name = "[CP] Check Pods Manifest.lock";
			outputFileListPaths = (
			);
			outputPaths = (
				"$(DERIVED_FILE_DIR)/Pods-Todo-S-checkManifestLockResult.txt",
			);
			runOnlyForDeploymentPostprocessing = 0;
			shellPath = /bin/sh;
			shellScript = "diff \"${PODS_PODFILE_DIR_PATH}/Podfile.lock\" \"${PODS_ROOT}/Manifest.lock\" > /dev/null\nif [ $? != 0 ] ; then\n    # print error to STDERR\n    echo \"error: The sandbox is not in sync with the Podfile.lock. Run 'pod install' or update your CocoaPods installation.\" >&2\n    exit 1\nfi\n# This output is used by Xcode 'outputs' to avoid re-running this script phase.\necho \"SUCCESS\" > \"${SCRIPT_OUTPUT_FILE_0}\"\n";
			showEnvVarsInLog = 0;
		};
/* End PBXShellScriptBuildPhase section */

/* Begin PBXSourcesBuildPhase section */
		7DF3F99B235D6D3A00E37989 /* Sources */ = {
			isa = PBXSourcesBuildPhase;
			buildActionMask = 2147483647;
			files = (
				7D1824F2235F1014009EB7BB /* ToDoListViewModel.swift in Sources */,
				7DFF9451237BD076005670F6 /* Library.swift in Sources */,
				7DD3E8E5237C0B9400E11DD1 /* String+Ex.swift in Sources */,
				7D1824FE23604F28009EB7BB /* UIView+Ex.swift in Sources */,
				7DFF944F237BD06A005670F6 /* License.swift in Sources */,
				7D18250A2366C67B009EB7BB /* Scene.swift in Sources */,
				7DFF9453237BD1DB005670F6 /* LibraryTableViewCell.swift in Sources */,
				7DFD20AF2377E9FE00CDD6D1 /* CompletedToDoTableViewCell.swift in Sources */,
				7D1825122366CA93009EB7BB /* ViewModelBindableType.swift in Sources */,
				7D18250C2366C6C0009EB7BB /* SceneCoordinator.swift in Sources */,
				7D1825022361A3AC009EB7BB /* ToDoTableViewCell.swift in Sources */,
				7D1825102366C76B009EB7BB /* CompletedToDoListViewModel.swift in Sources */,
				7DFF944D237BCFEB005670F6 /* OpenSourceTableViewController.swift in Sources */,
				7D1825082366C622009EB7BB /* TransitionStyle.swift in Sources */,
				7D18251A2366D4EA009EB7BB /* SceneError.swift in Sources */,
				7D18251D2366D534009EB7BB /* TransitionError.swift in Sources */,
				7D1824EF235EE7E0009EB7BB /* ToDoList.swift in Sources */,
				7D1825182366D3B8009EB7BB /* UIViewController+Ex.swift in Sources */,
				7D1825162366D0EB009EB7BB /* CompletedToDoViewController.swift in Sources */,
				7D13D191235DE23800A07725 /* ToDoStorageType.swift in Sources */,
				7D1825142366CBEA009EB7BB /* ToDoViewModel.swift in Sources */,
				7D1825062366C5AA009EB7BB /* CoordinatorType.swift in Sources */,
				7D20CFF9235D92820028AD51 /* ToDoListViewController.swift in Sources */,
				7DF3F9A3235D6D3A00E37989 /* AppDelegate.swift in Sources */,
				7D228AEC237A895500DA4C3E /* RoundCornerView.swift in Sources */,
				7DFD20B22377EFC300CDD6D1 /* DashedLineView.swift in Sources */,
				7D13D193235DE6E400A07725 /* ToDo.swift in Sources */,
				7D13D195235DE9C100A07725 /* RealmStorage.swift in Sources */,
				7DFF9455237BD1E3005670F6 /* LicenseTableViewCell.swift in Sources */,
			);
			runOnlyForDeploymentPostprocessing = 0;
		};
/* End PBXSourcesBuildPhase section */

/* Begin PBXVariantGroup section */
		7DD3E8E1237C06F200E11DD1 /* InfoPlist.strings */ = {
			isa = PBXVariantGroup;
			children = (
				7DD3E8E2237C06F400E11DD1 /* en */,
				7DD3E8E3237C06F600E11DD1 /* ja */,
			);
			name = InfoPlist.strings;
			sourceTree = "<group>";
		};
		7DD3E8EA237C0C2000E11DD1 /* Localizable.strings */ = {
			isa = PBXVariantGroup;
			children = (
				7DD3E8E9237C0C2000E11DD1 /* en */,
				7DD3E8EB237C0C2200E11DD1 /* ja */,
			);
			name = Localizable.strings;
			sourceTree = "<group>";
		};
		7DF3F9A8235D6D3A00E37989 /* Main.storyboard */ = {
			isa = PBXVariantGroup;
			children = (
				7DF3F9A9235D6D3A00E37989 /* Base */,
				7DD3E8DA237C04CA00E11DD1 /* en */,
				7DD3E8DB237C04D100E11DD1 /* ja */,
			);
			name = Main.storyboard;
			sourceTree = "<group>";
		};
		7DF3F9AD235D6D3B00E37989 /* LaunchScreen.storyboard */ = {
			isa = PBXVariantGroup;
			children = (
				7DF3F9AE235D6D3B00E37989 /* Base */,
			);
			name = LaunchScreen.storyboard;
			sourceTree = "<group>";
		};
/* End PBXVariantGroup section */

/* Begin XCBuildConfiguration section */
		7DF3F9B1235D6D3B00E37989 /* Debug */ = {
			isa = XCBuildConfiguration;
			buildSettings = {
				ALWAYS_SEARCH_USER_PATHS = NO;
				CLANG_ANALYZER_LOCALIZABILITY_NONLOCALIZED = YES;
				CLANG_ANALYZER_NONNULL = YES;
				CLANG_ANALYZER_NUMBER_OBJECT_CONVERSION = YES_AGGRESSIVE;
				CLANG_CXX_LANGUAGE_STANDARD = "gnu++14";
				CLANG_CXX_LIBRARY = "libc++";
				CLANG_ENABLE_MODULES = YES;
				CLANG_ENABLE_OBJC_ARC = YES;
				CLANG_ENABLE_OBJC_WEAK = YES;
				CLANG_WARN_BLOCK_CAPTURE_AUTORELEASING = YES;
				CLANG_WARN_BOOL_CONVERSION = YES;
				CLANG_WARN_COMMA = YES;
				CLANG_WARN_CONSTANT_CONVERSION = YES;
				CLANG_WARN_DEPRECATED_OBJC_IMPLEMENTATIONS = YES;
				CLANG_WARN_DIRECT_OBJC_ISA_USAGE = YES_ERROR;
				CLANG_WARN_DOCUMENTATION_COMMENTS = YES;
				CLANG_WARN_EMPTY_BODY = YES;
				CLANG_WARN_ENUM_CONVERSION = YES;
				CLANG_WARN_INFINITE_RECURSION = YES;
				CLANG_WARN_INT_CONVERSION = YES;
				CLANG_WARN_NON_LITERAL_NULL_CONVERSION = YES;
				CLANG_WARN_OBJC_IMPLICIT_RETAIN_SELF = YES;
				CLANG_WARN_OBJC_LITERAL_CONVERSION = YES;
				CLANG_WARN_OBJC_ROOT_CLASS = YES_ERROR;
				CLANG_WARN_RANGE_LOOP_ANALYSIS = YES;
				CLANG_WARN_STRICT_PROTOTYPES = YES;
				CLANG_WARN_SUSPICIOUS_MOVE = YES;
				CLANG_WARN_UNGUARDED_AVAILABILITY = YES_AGGRESSIVE;
				CLANG_WARN_UNREACHABLE_CODE = YES;
				CLANG_WARN__DUPLICATE_METHOD_MATCH = YES;
				COPY_PHASE_STRIP = NO;
				DEBUG_INFORMATION_FORMAT = dwarf;
				ENABLE_STRICT_OBJC_MSGSEND = YES;
				ENABLE_TESTABILITY = YES;
				GCC_C_LANGUAGE_STANDARD = gnu11;
				GCC_DYNAMIC_NO_PIC = NO;
				GCC_NO_COMMON_BLOCKS = YES;
				GCC_OPTIMIZATION_LEVEL = 0;
				GCC_PREPROCESSOR_DEFINITIONS = (
					"DEBUG=1",
					"$(inherited)",
				);
				GCC_WARN_64_TO_32_BIT_CONVERSION = YES;
				GCC_WARN_ABOUT_RETURN_TYPE = YES_ERROR;
				GCC_WARN_UNDECLARED_SELECTOR = YES;
				GCC_WARN_UNINITIALIZED_AUTOS = YES_AGGRESSIVE;
				GCC_WARN_UNUSED_FUNCTION = YES;
				GCC_WARN_UNUSED_VARIABLE = YES;
				IPHONEOS_DEPLOYMENT_TARGET = 11.0;
				MTL_ENABLE_DEBUG_INFO = INCLUDE_SOURCE;
				MTL_FAST_MATH = YES;
				ONLY_ACTIVE_ARCH = YES;
				SDKROOT = iphoneos;
				SWIFT_ACTIVE_COMPILATION_CONDITIONS = DEBUG;
				SWIFT_OPTIMIZATION_LEVEL = "-Onone";
			};
			name = Debug;
		};
		7DF3F9B2235D6D3B00E37989 /* Release */ = {
			isa = XCBuildConfiguration;
			buildSettings = {
				ALWAYS_SEARCH_USER_PATHS = NO;
				CLANG_ANALYZER_LOCALIZABILITY_NONLOCALIZED = YES;
				CLANG_ANALYZER_NONNULL = YES;
				CLANG_ANALYZER_NUMBER_OBJECT_CONVERSION = YES_AGGRESSIVE;
				CLANG_CXX_LANGUAGE_STANDARD = "gnu++14";
				CLANG_CXX_LIBRARY = "libc++";
				CLANG_ENABLE_MODULES = YES;
				CLANG_ENABLE_OBJC_ARC = YES;
				CLANG_ENABLE_OBJC_WEAK = YES;
				CLANG_WARN_BLOCK_CAPTURE_AUTORELEASING = YES;
				CLANG_WARN_BOOL_CONVERSION = YES;
				CLANG_WARN_COMMA = YES;
				CLANG_WARN_CONSTANT_CONVERSION = YES;
				CLANG_WARN_DEPRECATED_OBJC_IMPLEMENTATIONS = YES;
				CLANG_WARN_DIRECT_OBJC_ISA_USAGE = YES_ERROR;
				CLANG_WARN_DOCUMENTATION_COMMENTS = YES;
				CLANG_WARN_EMPTY_BODY = YES;
				CLANG_WARN_ENUM_CONVERSION = YES;
				CLANG_WARN_INFINITE_RECURSION = YES;
				CLANG_WARN_INT_CONVERSION = YES;
				CLANG_WARN_NON_LITERAL_NULL_CONVERSION = YES;
				CLANG_WARN_OBJC_IMPLICIT_RETAIN_SELF = YES;
				CLANG_WARN_OBJC_LITERAL_CONVERSION = YES;
				CLANG_WARN_OBJC_ROOT_CLASS = YES_ERROR;
				CLANG_WARN_RANGE_LOOP_ANALYSIS = YES;
				CLANG_WARN_STRICT_PROTOTYPES = YES;
				CLANG_WARN_SUSPICIOUS_MOVE = YES;
				CLANG_WARN_UNGUARDED_AVAILABILITY = YES_AGGRESSIVE;
				CLANG_WARN_UNREACHABLE_CODE = YES;
				CLANG_WARN__DUPLICATE_METHOD_MATCH = YES;
				COPY_PHASE_STRIP = NO;
				DEBUG_INFORMATION_FORMAT = "dwarf-with-dsym";
				ENABLE_NS_ASSERTIONS = NO;
				ENABLE_STRICT_OBJC_MSGSEND = YES;
				GCC_C_LANGUAGE_STANDARD = gnu11;
				GCC_NO_COMMON_BLOCKS = YES;
				GCC_WARN_64_TO_32_BIT_CONVERSION = YES;
				GCC_WARN_ABOUT_RETURN_TYPE = YES_ERROR;
				GCC_WARN_UNDECLARED_SELECTOR = YES;
				GCC_WARN_UNINITIALIZED_AUTOS = YES_AGGRESSIVE;
				GCC_WARN_UNUSED_FUNCTION = YES;
				GCC_WARN_UNUSED_VARIABLE = YES;
				IPHONEOS_DEPLOYMENT_TARGET = 11.0;
				MTL_ENABLE_DEBUG_INFO = NO;
				MTL_FAST_MATH = YES;
				SDKROOT = iphoneos;
				SWIFT_COMPILATION_MODE = wholemodule;
				SWIFT_OPTIMIZATION_LEVEL = "-O";
				VALIDATE_PRODUCT = YES;
			};
			name = Release;
		};
		7DF3F9B4235D6D3B00E37989 /* Debug */ = {
			isa = XCBuildConfiguration;
			baseConfigurationReference = 35EE38CC6086454FE2BFCFF3 /* Pods-Todo-S.debug.xcconfig */;
			buildSettings = {
				ASSETCATALOG_COMPILER_APPICON_NAME = AppIcon;
				CODE_SIGN_STYLE = Automatic;
				CURRENT_PROJECT_VERSION = 2;
				DEVELOPMENT_TEAM = JZW6GB7MS9;
				INFOPLIST_FILE = "Todo-S/Info.plist";
				LD_RUNPATH_SEARCH_PATHS = (
					"$(inherited)",
					"@executable_path/Frameworks",
				);
				PRODUCT_BUNDLE_IDENTIFIER = "io.github.hngfu.Todo-S";
				PRODUCT_NAME = "할일체크";
				SWIFT_VERSION = 5.0;
				TARGETED_DEVICE_FAMILY = 1;
			};
			name = Debug;
		};
		7DF3F9B5235D6D3B00E37989 /* Release */ = {
			isa = XCBuildConfiguration;
			baseConfigurationReference = 869EFC94B34FD304C52CDF27 /* Pods-Todo-S.release.xcconfig */;
			buildSettings = {
				ASSETCATALOG_COMPILER_APPICON_NAME = AppIcon;
				CODE_SIGN_STYLE = Automatic;
				CURRENT_PROJECT_VERSION = 2;
				DEVELOPMENT_TEAM = JZW6GB7MS9;
				INFOPLIST_FILE = "Todo-S/Info.plist";
				LD_RUNPATH_SEARCH_PATHS = (
					"$(inherited)",
					"@executable_path/Frameworks",
				);
				PRODUCT_BUNDLE_IDENTIFIER = "io.github.hngfu.Todo-S";
				PRODUCT_NAME = "할일체크";
				SWIFT_VERSION = 5.0;
				TARGETED_DEVICE_FAMILY = 1;
			};
			name = Release;
		};
/* End XCBuildConfiguration section */

/* Begin XCConfigurationList section */
		7DF3F99A235D6D3A00E37989 /* Build configuration list for PBXProject "ToDo S" */ = {
			isa = XCConfigurationList;
			buildConfigurations = (
				7DF3F9B1235D6D3B00E37989 /* Debug */,
				7DF3F9B2235D6D3B00E37989 /* Release */,
			);
			defaultConfigurationIsVisible = 0;
			defaultConfigurationName = Release;
		};
		7DF3F9B3235D6D3B00E37989 /* Build configuration list for PBXNativeTarget "ToDo S" */ = {
			isa = XCConfigurationList;
			buildConfigurations = (
				7DF3F9B4235D6D3B00E37989 /* Debug */,
				7DF3F9B5235D6D3B00E37989 /* Release */,
			);
			defaultConfigurationIsVisible = 0;
			defaultConfigurationName = Release;
		};
/* End XCConfigurationList section */
	};
	rootObject = 7DF3F997235D6D3A00E37989 /* Project object */;
}
